
Microsoft Visual Studio Solution File, Format Version 12.00
# Visual Studio Version 16
VisualStudioVersion = 16.0.32106.194
MinimumVisualStudioVersion = 10.0.40219.1
Project("{FAE04EC0-301F-11D3-BF4B-00C04F79EFBC}") = "STVMatrimony.Android", "STVMatrimony\STVMatrimony.Android\STVMatrimony.Android.csproj", "{6E307E38-B9D4-4A4B-B065-B7CCBED3D905}"
EndProject
Project("{FAE04EC0-301F-11D3-BF4B-00C04F79EFBC}") = "STVMatrimony.iOS", "STVMatrimony\STVMatrimony.iOS\STVMatrimony.iOS.csproj", "{9217F800-CD17-41C8-A666-93B08D1C663E}"
EndProject
Project("{9A19103F-16F7-4668-BE54-9A1E7A4F7556}") = "STVMatrimony", "STVMatrimony\STVMatrimony\STVMatrimony.csproj", "{17689DB8-4AA3-4671-BD22-8D75493D170B}"
EndProject
Project("{9A19103F-16F7-4668-BE54-9A1E7A4F7556}") = "STVMatrimonyAPI", "STVMatrimonyAPI\STVMatrimonyAPI.csproj", "{4B3431C1-1104-40EB-8507-6DF232097ABA}"
EndProject
Project("{9A19103F-16F7-4668-BE54-9A1E7A4F7556}") = "STVMatrimony.Services", "STVMatrimony.Services\STVMatrimony.Services.csproj", "{EA866BF9-2765-430F-8206-136BD4C8AE61}"
EndProject
Project("{9A19103F-16F7-4668-BE54-9A1E7A4F7556}") = "STVMatrimonyWeb", "STVMatrimonyWeb\STVMatrimonyWeb.csproj", "{CA743016-9F34-4EF7-ABBD-CC10E5D9C9C2}"
EndProject
Project("{9A19103F-16F7-4668-BE54-9A1E7A4F7556}") = "STVMatrimony.Models", "STVMatrimony.Models\STVMatrimony.Models.csproj", "{1AF2B97F-0004-489D-A6A6-FC873637E492}"
EndProject
Global
	GlobalSection(SolutionConfigurationPlatforms) = preSolution
		Debug|Any CPU = Debug|Any CPU
		Debug|iPhone = Debug|iPhone
		Debug|iPhoneSimulator = Debug|iPhoneSimulator
		Release|Any CPU = Release|Any CPU
		Release|iPhone = Release|iPhone
		Release|iPhoneSimulator = Release|iPhoneSimulator
	EndGlobalSection
	GlobalSection(ProjectConfigurationPlatforms) = postSolution
		{6E307E38-B9D4-4A4B-B065-B7CCBED3D905}.Debug|Any CPU.ActiveCfg = Debug|Any CPU
		{6E307E38-B9D4-4A4B-B065-B7CCBED3D905}.Debug|Any CPU.Build.0 = Debug|Any CPU
		{6E307E38-B9D4-4A4B-B065-B7CCBED3D905}.Debug|Any CPU.Deploy.0 = Debug|Any CPU
		{6E307E38-B9D4-4A4B-B065-B7CCBED3D905}.Debug|iPhone.ActiveCfg = Debug|Any CPU
		{6E307E38-B9D4-4A4B-B065-B7CCBED3D905}.Debug|iPhone.Build.0 = Debug|Any CPU
		{6E307E38-B9D4-4A4B-B065-B7CCBED3D905}.Debug|iPhone.Deploy.0 = Debug|Any CPU
		{6E307E38-B9D4-4A4B-B065-B7CCBED3D905}.Debug|iPhoneSimulator.ActiveCfg = Debug|Any CPU
		{6E307E38-B9D4-4A4B-B065-B7CCBED3D905}.Debug|iPhoneSimulator.Build.0 = Debug|Any CPU
		{6E307E38-B9D4-4A4B-B065-B7CCBED3D905}.Debug|iPhoneSimulator.Deploy.0 = Debug|Any CPU
		{6E307E38-B9D4-4A4B-B065-B7CCBED3D905}.Release|Any CPU.ActiveCfg = Release|Any CPU
		{6E307E38-B9D4-4A4B-B065-B7CCBED3D905}.Release|Any CPU.Build.0 = Release|Any CPU
		{6E307E38-B9D4-4A4B-B065-B7CCBED3D905}.Release|Any CPU.Deploy.0 = Release|Any CPU
		{6E307E38-B9D4-4A4B-B065-B7CCBED3D905}.Release|iPhone.ActiveCfg = Release|Any CPU
		{6E307E38-B9D4-4A4B-B065-B7CCBED3D905}.Release|iPhone.Build.0 = Release|Any CPU
		{6E307E38-B9D4-4A4B-B065-B7CCBED3D905}.Release|iPhone.Deploy.0 = Release|Any CPU
		{6E307E38-B9D4-4A4B-B065-B7CCBED3D905}.Release|iPhoneSimulator.ActiveCfg = Release|Any CPU
		{6E307E38-B9D4-4A4B-B065-B7CCBED3D905}.Release|iPhoneSimulator.Build.0 = Release|Any CPU
		{6E307E38-B9D4-4A4B-B065-B7CCBED3D905}.Release|iPhoneSimulator.Deploy.0 = Release|Any CPU
		{9217F800-CD17-41C8-A666-93B08D1C663E}.Debug|Any CPU.ActiveCfg = Debug|iPhone
		{9217F800-CD17-41C8-A666-93B08D1C663E}.Debug|Any CPU.Build.0 = Debug|iPhone
		{9217F800-CD17-41C8-A666-93B08D1C663E}.Debug|Any CPU.Deploy.0 = Debug|iPhone
		{9217F800-CD17-41C8-A666-93B08D1C663E}.Debug|iPhone.ActiveCfg = Debug|iPhone
		{9217F800-CD17-41C8-A666-93B08D1C663E}.Debug|iPhone.Build.0 = Debug|iPhone
		{9217F800-CD17-41C8-A666-93B08D1C663E}.Debug|iPhone.Deploy.0 = Debug|iPhone
		{9217F800-CD17-41C8-A666-93B08D1C663E}.Debug|iPhoneSimulator.ActiveCfg = Debug|iPhoneSimulator
		{9217F800-CD17-41C8-A666-93B08D1C663E}.Debug|iPhoneSimulator.Build.0 = Debug|iPhoneSimulator
		{9217F800-CD17-41C8-A666-93B08D1C663E}.Debug|iPhoneSimulator.Deploy.0 = Debug|iPhoneSimulator
		{9217F800-CD17-41C8-A666-93B08D1C663E}.Release|Any CPU.ActiveCfg = Release|iPhoneSimulator
		{9217F800-CD17-41C8-A666-93B08D1C663E}.Release|Any CPU.Build.0 = Release|iPhoneSimulator
		{9217F800-CD17-41C8-A666-93B08D1C663E}.Release|Any CPU.Deploy.0 = Release|iPhoneSimulator
		{9217F800-CD17-41C8-A666-93B08D1C663E}.Release|iPhone.ActiveCfg = Release|iPhone
		{9217F800-CD17-41C8-A666-93B08D1C663E}.Release|iPhone.Build.0 = Release|iPhone
		{9217F800-CD17-41C8-A666-93B08D1C663E}.Release|iPhone.Deploy.0 = Release|iPhone
		{9217F800-CD17-41C8-A666-93B08D1C663E}.Release|iPhoneSimulator.ActiveCfg = Release|iPhoneSimulator
		{9217F800-CD17-41C8-A666-93B08D1C663E}.Release|iPhoneSimulator.Build.0 = Release|iPhoneSimulator
		{9217F800-CD17-41C8-A666-93B08D1C663E}.Release|iPhoneSimulator.Deploy.0 = Release|iPhoneSimulator
		{17689DB8-4AA3-4671-BD22-8D75493D170B}.Debug|Any CPU.ActiveCfg = Debug|Any CPU
		{17689DB8-4AA3-4671-BD22-8D75493D170B}.Debug|Any CPU.Build.0 = Debug|Any CPU
		{17689DB8-4AA3-4671-BD22-8D75493D170B}.Debug|Any CPU.Deploy.0 = Debug|Any CPU
		{17689DB8-4AA3-4671-BD22-8D75493D170B}.Debug|iPhone.ActiveCfg = Debug|Any CPU
		{17689DB8-4AA3-4671-BD22-8D75493D170B}.Debug|iPhone.Build.0 = Debug|Any CPU
		{17689DB8-4AA3-4671-BD22-8D75493D170B}.Debug|iPhone.Deploy.0 = Debug|Any CPU
		{17689DB8-4AA3-4671-BD22-8D75493D170B}.Debug|iPhoneSimulator.ActiveCfg = Debug|Any CPU
		{17689DB8-4AA3-4671-BD22-8D75493D170B}.Debug|iPhoneSimulator.Build.0 = Debug|Any CPU
		{17689DB8-4AA3-4671-BD22-8D75493D170B}.Debug|iPhoneSimulator.Deploy.0 = Debug|Any CPU
		{17689DB8-4AA3-4671-BD22-8D75493D170B}.Release|Any CPU.ActiveCfg = Release|Any CPU
		{17689DB8-4AA3-4671-BD22-8D75493D170B}.Release|Any CPU.Build.0 = Release|Any CPU
		{17689DB8-4AA3-4671-BD22-8D75493D170B}.Release|Any CPU.Deploy.0 = Release|Any CPU
		{17689DB8-4AA3-4671-BD22-8D75493D170B}.Release|iPhone.ActiveCfg = Release|Any CPU
		{17689DB8-4AA3-4671-BD22-8D75493D170B}.Release|iPhone.Build.0 = Release|Any CPU
		{17689DB8-4AA3-4671-BD22-8D75493D170B}.Release|iPhone.Deploy.0 = Release|Any CPU
		{17689DB8-4AA3-4671-BD22-8D75493D170B}.Release|iPhoneSimulator.ActiveCfg = Release|Any CPU
		{17689DB8-4AA3-4671-BD22-8D75493D170B}.Release|iPhoneSimulator.Build.0 = Release|Any CPU
		{17689DB8-4AA3-4671-BD22-8D75493D170B}.Release|iPhoneSimulator.Deploy.0 = Release|Any CPU
		{4B3431C1-1104-40EB-8507-6DF232097ABA}.Debug|Any CPU.ActiveCfg = Debug|Any CPU
		{4B3431C1-1104-40EB-8507-6DF232097ABA}.Debug|Any CPU.Build.0 = Debug|Any CPU
		{4B3431C1-1104-40EB-8507-6DF232097ABA}.Debug|iPhone.ActiveCfg = Debug|Any CPU
		{4B3431C1-1104-40EB-8507-6DF232097ABA}.Debug|iPhone.Build.0 = Debug|Any CPU
		{4B3431C1-1104-40EB-8507-6DF232097ABA}.Debug|iPhoneSimulator.ActiveCfg = Debug|Any CPU
		{4B3431C1-1104-40EB-8507-6DF232097ABA}.Debug|iPhoneSimulator.Build.0 = Debug|Any CPU
		{4B3431C1-1104-40EB-8507-6DF232097ABA}.Release|Any CPU.ActiveCfg = Release|Any CPU
		{4B3431C1-1104-40EB-8507-6DF232097ABA}.Release|Any CPU.Build.0 = Release|Any CPU
		{4B3431C1-1104-40EB-8507-6DF232097ABA}.Release|iPhone.ActiveCfg = Release|Any CPU
		{4B3431C1-1104-40EB-8507-6DF232097ABA}.Release|iPhone.Build.0 = Release|Any CPU
		{4B3431C1-1104-40EB-8507-6DF232097ABA}.Release|iPhoneSimulator.ActiveCfg = Release|Any CPU
		{4B3431C1-1104-40EB-8507-6DF232097ABA}.Release|iPhoneSimulator.Build.0 = Release|Any CPU
		{EA866BF9-2765-430F-8206-136BD4C8AE61}.Debug|Any CPU.ActiveCfg = Debug|Any CPU
		{EA866BF9-2765-430F-8206-136BD4C8AE61}.Debug|Any CPU.Build.0 = Debug|Any CPU
		{EA866BF9-2765-430F-8206-136BD4C8AE61}.Debug|iPhone.ActiveCfg = Debug|Any CPU
		{EA866BF9-2765-430F-8206-136BD4C8AE61}.Debug|iPhone.Build.0 = Debug|Any CPU
		{EA866BF9-2765-430F-8206-136BD4C8AE61}.Debug|iPhoneSimulator.ActiveCfg = Debug|Any CPU
		{EA866BF9-2765-430F-8206-136BD4C8AE61}.Debug|iPhoneSimulator.Build.0 = Debug|Any CPU
		{EA866BF9-2765-430F-8206-136BD4C8AE61}.Release|Any CPU.ActiveCfg = Release|Any CPU
		{EA866BF9-2765-430F-8206-136BD4C8AE61}.Release|Any CPU.Build.0 = Release|Any CPU
		{EA866BF9-2765-430F-8206-136BD4C8AE61}.Release|iPhone.ActiveCfg = Release|Any CPU
		{EA866BF9-2765-430F-8206-136BD4C8AE61}.Release|iPhone.Build.0 = Release|Any CPU
		{EA866BF9-2765-430F-8206-136BD4C8AE61}.Release|iPhoneSimulator.ActiveCfg = Release|Any CPU
		{EA866BF9-2765-430F-8206-136BD4C8AE61}.Release|iPhoneSimulator.Build.0 = Release|Any CPU
		{CA743016-9F34-4EF7-ABBD-CC10E5D9C9C2}.Debug|Any CPU.ActiveCfg = Debug|Any CPU
		{CA743016-9F34-4EF7-ABBD-CC10E5D9C9C2}.Debug|Any CPU.Build.0 = Debug|Any CPU
		{CA743016-9F34-4EF7-ABBD-CC10E5D9C9C2}.Debug|iPhone.ActiveCfg = Debug|Any CPU
		{CA743016-9F34-4EF7-ABBD-CC10E5D9C9C2}.Debug|iPhone.Build.0 = Debug|Any CPU
		{CA743016-9F34-4EF7-ABBD-CC10E5D9C9C2}.Debug|iPhoneSimulator.ActiveCfg = Debug|Any CPU
		{CA743016-9F34-4EF7-ABBD-CC10E5D9C9C2}.Debug|iPhoneSimulator.Build.0 = Debug|Any CPU
		{CA743016-9F34-4EF7-ABBD-CC10E5D9C9C2}.Release|Any CPU.ActiveCfg = Release|Any CPU
		{CA743016-9F34-4EF7-ABBD-CC10E5D9C9C2}.Release|Any CPU.Build.0 = Release|Any CPU
		{CA743016-9F34-4EF7-ABBD-CC10E5D9C9C2}.Release|iPhone.ActiveCfg = Release|Any CPU
		{CA743016-9F34-4EF7-ABBD-CC10E5D9C9C2}.Release|iPhone.Build.0 = Release|Any CPU
		{CA743016-9F34-4EF7-ABBD-CC10E5D9C9C2}.Release|iPhoneSimulator.ActiveCfg = Release|Any CPU
		{CA743016-9F34-4EF7-ABBD-CC10E5D9C9C2}.Release|iPhoneSimulator.Build.0 = Release|Any CPU
		{1AF2B97F-0004-489D-A6A6-FC873637E492}.Debug|Any CPU.ActiveCfg = Debug|Any CPU
		{1AF2B97F-0004-489D-A6A6-FC873637E492}.Debug|Any CPU.Build.0 = Debug|Any CPU
		{1AF2B97F-0004-489D-A6A6-FC873637E492}.Debug|iPhone.ActiveCfg = Debug|Any CPU
		{1AF2B97F-0004-489D-A6A6-FC873637E492}.Debug|iPhone.Build.0 = Debug|Any CPU
		{1AF2B97F-0004-489D-A6A6-FC873637E492}.Debug|iPhoneSimulator.ActiveCfg = Debug|Any CPU
		{1AF2B97F-0004-489D-A6A6-FC873637E492}.Debug|iPhoneSimulator.Build.0 = Debug|Any CPU
		{1AF2B97F-0004-489D-A6A6-FC873637E492}.Release|Any CPU.ActiveCfg = Release|Any CPU
		{1AF2B97F-0004-489D-A6A6-FC873637E492}.Release|Any CPU.Build.0 = Release|Any CPU
		{1AF2B97F-0004-489D-A6A6-FC873637E492}.Release|iPhone.ActiveCfg = Release|Any CPU
		{1AF2B97F-0004-489D-A6A6-FC873637E492}.Release|iPhone.Build.0 = Release|Any CPU
		{1AF2B97F-0004-489D-A6A6-FC873637E492}.Release|iPhoneSimulator.ActiveCfg = Release|Any CPU
		{1AF2B97F-0004-489D-A6A6-FC873637E492}.Release|iPhoneSimulator.Build.0 = Release|Any CPU
	EndGlobalSection
	GlobalSection(SolutionProperties) = preSolution
		HideSolutionNode = FALSE
	EndGlobalSection
	GlobalSection(ExtensibilityGlobals) = postSolution
		SolutionGuid = {CACF95AE-AF81-4A7F-83D4-B6277874D6AF}
	EndGlobalSection
EndGlobal
